{
  "name": "altops-workshop",
  "version": "1.0.0",
  "lockfileVersion": 3,
  "requires": true,
  "packages": {
    "": {
      "name": "altops-workshop",
      "version": "1.0.0",
      "private": true,
      "dependencies": {
        "react": "^18.2.0",
        "react-dom": "^18.2.0",
        "react-scripts": "5.0.1"
      }
    },
    "node_modules/react": {
      "version": "18.2.0",
      "resolved": "https://registry.npmjs.org/react/-/react-18.2.0.tgz",
      "integrity": "sha512-/3IjMdb2L9QbBdWiW5e3P2/npwMBaU9mHCSJWhcoWNYG5sFZ+M7Oh9G+e05AlgaVTLFwCRMr8f9mWkd8KO8tw=="
    },
    "node_modules/react-dom": {
      "version": "18.2.0",
      "resolved": "https://registry.npmjs.org/react-dom/-/react-dom-18.2.0.tgz",
      "integrity": "sha512-6IMTriUmvsjHUjNtEDudZfuEQc02/6/CH6ewJYmUTwlevE+z8mnklEt2+9jWcpQJCSXF2dnTw092+9baltmAww=="
    },
    "node_modules/react-scripts": {
      "version": "5.0.1",
      "resolved": "https://registry.npmjs.org/react-scripts/-/react-scripts-5.0.1.tgz",
      "integrity": "sha512-8VAmEm/ZaIvkX5nn3TcmoeSiNFA+RSt0wQmxApFi3IBnfI50+Xg8FWd9xF7Qtz0UV3YJ2+kV8O5frI+THY2Hg=="
    }
  }
}
